
Microsoft Visual Studio Solution File, Format Version 11.00
# Visual Studio 2010
Project("{FAE04EC0-301F-11D3-BF4B-00C04F79EFBC}") = "geeks-nancy", "geeks-nancy\geeks-nancy.csproj", "{7D9B2716-B39C-439D-BA9B-EE72C37BEE58}"
EndProject
Project("{FAE04EC0-301F-11D3-BF4B-00C04F79EFBC}") = "FlexProviders", "FlexProviders\FlexProviders.csproj", "{AA906E7C-3910-4F06-8243-78B648B7C51D}"
EndProject
Project("{FAE04EC0-301F-11D3-BF4B-00C04F79EFBC}") = "FlexProviders.Raven", "FlexProviders.Raven\FlexProviders.Raven.csproj", "{61FE6BC9-E67F-43F3-BFC2-0BDE8DB36E67}"
EndProject
Global
	GlobalSection(SolutionConfigurationPlatforms) = preSolution
		Debug|Any CPU = Debug|Any CPU
		Release|Any CPU = Release|Any CPU
	EndGlobalSection
	GlobalSection(ProjectConfigurationPlatforms) = postSolution
		{7D9B2716-B39C-439D-BA9B-EE72C37BEE58}.Debug|Any CPU.ActiveCfg = Debug|Any CPU
		{7D9B2716-B39C-439D-BA9B-EE72C37BEE58}.Debug|Any CPU.Build.0 = Debug|Any CPU
		{7D9B2716-B39C-439D-BA9B-EE72C37BEE58}.Release|Any CPU.ActiveCfg = Release|Any CPU
		{7D9B2716-B39C-439D-BA9B-EE72C37BEE58}.Release|Any CPU.Build.0 = Release|Any CPU
		{AA906E7C-3910-4F06-8243-78B648B7C51D}.Debug|Any CPU.ActiveCfg = Debug|Any CPU
		{AA906E7C-3910-4F06-8243-78B648B7C51D}.Debug|Any CPU.Build.0 = Debug|Any CPU
		{AA906E7C-3910-4F06-8243-78B648B7C51D}.Release|Any CPU.ActiveCfg = Release|Any CPU
		{AA906E7C-3910-4F06-8243-78B648B7C51D}.Release|Any CPU.Build.0 = Release|Any CPU
		{61FE6BC9-E67F-43F3-BFC2-0BDE8DB36E67}.Debug|Any CPU.ActiveCfg = Debug|Any CPU
		{61FE6BC9-E67F-43F3-BFC2-0BDE8DB36E67}.Debug|Any CPU.Build.0 = Debug|Any CPU
		{61FE6BC9-E67F-43F3-BFC2-0BDE8DB36E67}.Release|Any CPU.ActiveCfg = Release|Any CPU
		{61FE6BC9-E67F-43F3-BFC2-0BDE8DB36E67}.Release|Any CPU.Build.0 = Release|Any CPU
	EndGlobalSection
	GlobalSection(SolutionProperties) = preSolution
		HideSolutionNode = FALSE
	EndGlobalSection
EndGlobal
